
Microsoft Visual Studio Solution File, Format Version 12.00
# Visual Studio Version 17
VisualStudioVersion = 17.2.32630.192
MinimumVisualStudioVersion = 10.0.40219.1
Project("{9A19103F-16F7-4668-BE54-9A1E7A4F7556}") = "R5T.D0058.Construction", "R5T.D0058.Construction\R5T.D0058.Construction.csproj", "{397C0353-AC67-4933-AB1D-C5DC8C308E1C}"
EndProject
Project("{9A19103F-16F7-4668-BE54-9A1E7A4F7556}") = "R5T.L0005.Extensions", "..\..\R5T.L0005\source\R5T.L0005.Extensions\R5T.L0005.Extensions.csproj", "{3427CB60-23E4-4F73-AC7C-7E61CC9ED880}"
EndProject
Project("{2150E333-8FDC-42A3-9474-1A3956D46DE8}") = "_Dependencies", "_Dependencies", "{BB700793-E4FF-41B6-B6C8-1768436C198E}"
EndProject
Project("{9A19103F-16F7-4668-BE54-9A1E7A4F7556}") = "R5T.L0005", "..\..\R5T.L0005\source\R5T.L0005\R5T.L0005.csproj", "{03AF4824-9E60-4114-BF2B-A1BE029DA3B1}"
EndProject
Project("{9A19103F-16F7-4668-BE54-9A1E7A4F7556}") = "R5T.L0004.Extensions", "..\..\R5T.L0004\source\R5T.L0004.Extensions\R5T.L0004.Extensions.csproj", "{B29D20F6-F36C-4C29-81CF-FF3D05B4A3EF}"
EndProject
Project("{9A19103F-16F7-4668-BE54-9A1E7A4F7556}") = "R5T.L0004", "..\..\R5T.L0004\source\R5T.L0004\R5T.L0004.csproj", "{1FF69560-C051-4F35-B039-E1318737DCD8}"
EndProject
Project("{9A19103F-16F7-4668-BE54-9A1E7A4F7556}") = "R5T.Magyar", "..\..\R5T.Magyar\source\R5T.Magyar\R5T.Magyar.csproj", "{BB37E809-270F-4200-BC64-B9C47BE72297}"
EndProject
Project("{9A19103F-16F7-4668-BE54-9A1E7A4F7556}") = "R5T.D0058.Base", "R5T.D0058.Base\R5T.D0058.Base.csproj", "{5CF573E2-365B-440A-A310-FA355C5AFA49}"
EndProject
Project("{9A19103F-16F7-4668-BE54-9A1E7A4F7556}") = "R5T.D0058.Types", "R5T.D0058.Types\R5T.D0058.Types.csproj", "{9CF16622-C5CC-4541-B7CA-02AF476B14DD}"
EndProject
Project("{9A19103F-16F7-4668-BE54-9A1E7A4F7556}") = "R5T.Stagira", "..\..\R5T.Stagira\source\R5T.Stagira\R5T.Stagira.csproj", "{38C9B50E-7E7C-4FD0-9CE1-CEEBF322C596}"
EndProject
Project("{9A19103F-16F7-4668-BE54-9A1E7A4F7556}") = "R5T.D0058.Default", "R5T.D0058.Default\R5T.D0058.Default.csproj", "{314DC131-DAAF-472D-966C-B70139233CFE}"
EndProject
Project("{9A19103F-16F7-4668-BE54-9A1E7A4F7556}") = "R5T.Dacia.Extensions", "..\..\R5T.Dacia.Extensions\source\R5T.Dacia.Extensions\R5T.Dacia.Extensions.csproj", "{952AE692-7C2A-41B1-8DE1-0F005D94048B}"
EndProject
Project("{9A19103F-16F7-4668-BE54-9A1E7A4F7556}") = "R5T.Dacia", "..\..\R5T.Dacia\source\R5T.Dacia\R5T.Dacia.csproj", "{36FE852D-7BEA-4903-9ED1-42BFE2658F06}"
EndProject
Project("{9A19103F-16F7-4668-BE54-9A1E7A4F7556}") = "R5T.D0057.Base", "..\..\R5T.D0057\source\R5T.D0057.Base\R5T.D0057.Base.csproj", "{BF2F9FE9-0B9D-48DC-A944-B296640F4666}"
EndProject
Project("{9A19103F-16F7-4668-BE54-9A1E7A4F7556}") = "R5T.T0064", "..\..\R5T.T0064\source\R5T.T0064\R5T.T0064.csproj", "{146D3E10-F067-429B-841D-3B98CCEA517E}"
EndProject
Project("{9A19103F-16F7-4668-BE54-9A1E7A4F7556}") = "R5T.T0143", "..\..\R5T.T0143\source\R5T.T0143\R5T.T0143.csproj", "{17621F76-D484-48B9-BD04-1216648B6959}"
EndProject
Project("{9A19103F-16F7-4668-BE54-9A1E7A4F7556}") = "R5T.T0064.T001", "..\..\R5T.T0064\source\R5T.T0064.T001\R5T.T0064.T001.csproj", "{D78818E9-8676-4113-B106-ECB45741FBDB}"
EndProject
Global
	GlobalSection(SolutionConfigurationPlatforms) = preSolution
		Debug|Any CPU = Debug|Any CPU
		Debug|x64 = Debug|x64
		Debug|x86 = Debug|x86
		Release|Any CPU = Release|Any CPU
		Release|x64 = Release|x64
		Release|x86 = Release|x86
	EndGlobalSection
	GlobalSection(ProjectConfigurationPlatforms) = postSolution
		{397C0353-AC67-4933-AB1D-C5DC8C308E1C}.Debug|Any CPU.ActiveCfg = Debug|Any CPU
		{397C0353-AC67-4933-AB1D-C5DC8C308E1C}.Debug|Any CPU.Build.0 = Debug|Any CPU
		{397C0353-AC67-4933-AB1D-C5DC8C308E1C}.Debug|x64.ActiveCfg = Debug|Any CPU
		{397C0353-AC67-4933-AB1D-C5DC8C308E1C}.Debug|x64.Build.0 = Debug|Any CPU
		{397C0353-AC67-4933-AB1D-C5DC8C308E1C}.Debug|x86.ActiveCfg = Debug|Any CPU
		{397C0353-AC67-4933-AB1D-C5DC8C308E1C}.Debug|x86.Build.0 = Debug|Any CPU
		{397C0353-AC67-4933-AB1D-C5DC8C308E1C}.Release|Any CPU.ActiveCfg = Release|Any CPU
		{397C0353-AC67-4933-AB1D-C5DC8C308E1C}.Release|Any CPU.Build.0 = Release|Any CPU
		{397C0353-AC67-4933-AB1D-C5DC8C308E1C}.Release|x64.ActiveCfg = Release|Any CPU
		{397C0353-AC67-4933-AB1D-C5DC8C308E1C}.Release|x64.Build.0 = Release|Any CPU
		{397C0353-AC67-4933-AB1D-C5DC8C308E1C}.Release|x86.ActiveCfg = Release|Any CPU
		{397C0353-AC67-4933-AB1D-C5DC8C308E1C}.Release|x86.Build.0 = Release|Any CPU
		{3427CB60-23E4-4F73-AC7C-7E61CC9ED880}.Debug|Any CPU.ActiveCfg = Debug|Any CPU
		{3427CB60-23E4-4F73-AC7C-7E61CC9ED880}.Debug|Any CPU.Build.0 = Debug|Any CPU
		{3427CB60-23E4-4F73-AC7C-7E61CC9ED880}.Debug|x64.ActiveCfg = Debug|Any CPU
		{3427CB60-23E4-4F73-AC7C-7E61CC9ED880}.Debug|x64.Build.0 = Debug|Any CPU
		{3427CB60-23E4-4F73-AC7C-7E61CC9ED880}.Debug|x86.ActiveCfg = Debug|Any CPU
		{3427CB60-23E4-4F73-AC7C-7E61CC9ED880}.Debug|x86.Build.0 = Debug|Any CPU
		{3427CB60-23E4-4F73-AC7C-7E61CC9ED880}.Release|Any CPU.ActiveCfg = Release|Any CPU
		{3427CB60-23E4-4F73-AC7C-7E61CC9ED880}.Release|Any CPU.Build.0 = Release|Any CPU
		{3427CB60-23E4-4F73-AC7C-7E61CC9ED880}.Release|x64.ActiveCfg = Release|Any CPU
		{3427CB60-23E4-4F73-AC7C-7E61CC9ED880}.Release|x64.Build.0 = Release|Any CPU
		{3427CB60-23E4-4F73-AC7C-7E61CC9ED880}.Release|x86.ActiveCfg = Release|Any CPU
		{3427CB60-23E4-4F73-AC7C-7E61CC9ED880}.Release|x86.Build.0 = Release|Any CPU
		{03AF4824-9E60-4114-BF2B-A1BE029DA3B1}.Debug|Any CPU.ActiveCfg = Debug|Any CPU
		{03AF4824-9E60-4114-BF2B-A1BE029DA3B1}.Debug|Any CPU.Build.0 = Debug|Any CPU
		{03AF4824-9E60-4114-BF2B-A1BE029DA3B1}.Debug|x64.ActiveCfg = Debug|Any CPU
		{03AF4824-9E60-4114-BF2B-A1BE029DA3B1}.Debug|x64.Build.0 = Debug|Any CPU
		{03AF4824-9E60-4114-BF2B-A1BE029DA3B1}.Debug|x86.ActiveCfg = Debug|Any CPU
		{03AF4824-9E60-4114-BF2B-A1BE029DA3B1}.Debug|x86.Build.0 = Debug|Any CPU
		{03AF4824-9E60-4114-BF2B-A1BE029DA3B1}.Release|Any CPU.ActiveCfg = Release|Any CPU
		{03AF4824-9E60-4114-BF2B-A1BE029DA3B1}.Release|Any CPU.Build.0 = Release|Any CPU
		{03AF4824-9E60-4114-BF2B-A1BE029DA3B1}.Release|x64.ActiveCfg = Release|Any CPU
		{03AF4824-9E60-4114-BF2B-A1BE029DA3B1}.Release|x64.Build.0 = Release|Any CPU
		{03AF4824-9E60-4114-BF2B-A1BE029DA3B1}.Release|x86.ActiveCfg = Release|Any CPU
		{03AF4824-9E60-4114-BF2B-A1BE029DA3B1}.Release|x86.Build.0 = Release|Any CPU
		{B29D20F6-F36C-4C29-81CF-FF3D05B4A3EF}.Debug|Any CPU.ActiveCfg = Debug|Any CPU
		{B29D20F6-F36C-4C29-81CF-FF3D05B4A3EF}.Debug|Any CPU.Build.0 = Debug|Any CPU
		{B29D20F6-F36C-4C29-81CF-FF3D05B4A3EF}.Debug|x64.ActiveCfg = Debug|Any CPU
		{B29D20F6-F36C-4C29-81CF-FF3D05B4A3EF}.Debug|x64.Build.0 = Debug|Any CPU
		{B29D20F6-F36C-4C29-81CF-FF3D05B4A3EF}.Debug|x86.ActiveCfg = Debug|Any CPU
		{B29D20F6-F36C-4C29-81CF-FF3D05B4A3EF}.Debug|x86.Build.0 = Debug|Any CPU
		{B29D20F6-F36C-4C29-81CF-FF3D05B4A3EF}.Release|Any CPU.ActiveCfg = Release|Any CPU
		{B29D20F6-F36C-4C29-81CF-FF3D05B4A3EF}.Release|Any CPU.Build.0 = Release|Any CPU
		{B29D20F6-F36C-4C29-81CF-FF3D05B4A3EF}.Release|x64.ActiveCfg = Release|Any CPU
		{B29D20F6-F36C-4C29-81CF-FF3D05B4A3EF}.Release|x64.Build.0 = Release|Any CPU
		{B29D20F6-F36C-4C29-81CF-FF3D05B4A3EF}.Release|x86.ActiveCfg = Release|Any CPU
		{B29D20F6-F36C-4C29-81CF-FF3D05B4A3EF}.Release|x86.Build.0 = Release|Any CPU
		{1FF69560-C051-4F35-B039-E1318737DCD8}.Debug|Any CPU.ActiveCfg = Debug|Any CPU
		{1FF69560-C051-4F35-B039-E1318737DCD8}.Debug|Any CPU.Build.0 = Debug|Any CPU
		{1FF69560-C051-4F35-B039-E1318737DCD8}.Debug|x64.ActiveCfg = Debug|Any CPU
		{1FF69560-C051-4F35-B039-E1318737DCD8}.Debug|x64.Build.0 = Debug|Any CPU
		{1FF69560-C051-4F35-B039-E1318737DCD8}.Debug|x86.ActiveCfg = Debug|Any CPU
		{1FF69560-C051-4F35-B039-E1318737DCD8}.Debug|x86.Build.0 = Debug|Any CPU
		{1FF69560-C051-4F35-B039-E1318737DCD8}.Release|Any CPU.ActiveCfg = Release|Any CPU
		{1FF69560-C051-4F35-B039-E1318737DCD8}.Release|Any CPU.Build.0 = Release|Any CPU
		{1FF69560-C051-4F35-B039-E1318737DCD8}.Release|x64.ActiveCfg = Release|Any CPU
		{1FF69560-C051-4F35-B039-E1318737DCD8}.Release|x64.Build.0 = Release|Any CPU
		{1FF69560-C051-4F35-B039-E1318737DCD8}.Release|x86.ActiveCfg = Release|Any CPU
		{1FF69560-C051-4F35-B039-E1318737DCD8}.Release|x86.Build.0 = Release|Any CPU
		{BB37E809-270F-4200-BC64-B9C47BE72297}.Debug|Any CPU.ActiveCfg = Debug|Any CPU
		{BB37E809-270F-4200-BC64-B9C47BE72297}.Debug|Any CPU.Build.0 = Debug|Any CPU
		{BB37E809-270F-4200-BC64-B9C47BE72297}.Debug|x64.ActiveCfg = Debug|Any CPU
		{BB37E809-270F-4200-BC64-B9C47BE72297}.Debug|x64.Build.0 = Debug|Any CPU
		{BB37E809-270F-4200-BC64-B9C47BE72297}.Debug|x86.ActiveCfg = Debug|Any CPU
		{BB37E809-270F-4200-BC64-B9C47BE72297}.Debug|x86.Build.0 = Debug|Any CPU
		{BB37E809-270F-4200-BC64-B9C47BE72297}.Release|Any CPU.ActiveCfg = Release|Any CPU
		{BB37E809-270F-4200-BC64-B9C47BE72297}.Release|Any CPU.Build.0 = Release|Any CPU
		{BB37E809-270F-4200-BC64-B9C47BE72297}.Release|x64.ActiveCfg = Release|Any CPU
		{BB37E809-270F-4200-BC64-B9C47BE72297}.Release|x64.Build.0 = Release|Any CPU
		{BB37E809-270F-4200-BC64-B9C47BE72297}.Release|x86.ActiveCfg = Release|Any CPU
		{BB37E809-270F-4200-BC64-B9C47BE72297}.Release|x86.Build.0 = Release|Any CPU
		{5CF573E2-365B-440A-A310-FA355C5AFA49}.Debug|Any CPU.ActiveCfg = Debug|Any CPU
		{5CF573E2-365B-440A-A310-FA355C5AFA49}.Debug|Any CPU.Build.0 = Debug|Any CPU
		{5CF573E2-365B-440A-A310-FA355C5AFA49}.Debug|x64.ActiveCfg = Debug|Any CPU
		{5CF573E2-365B-440A-A310-FA355C5AFA49}.Debug|x64.Build.0 = Debug|Any CPU
		{5CF573E2-365B-440A-A310-FA355C5AFA49}.Debug|x86.ActiveCfg = Debug|Any CPU
		{5CF573E2-365B-440A-A310-FA355C5AFA49}.Debug|x86.Build.0 = Debug|Any CPU
		{5CF573E2-365B-440A-A310-FA355C5AFA49}.Release|Any CPU.ActiveCfg = Release|Any CPU
		{5CF573E2-365B-440A-A310-FA355C5AFA49}.Release|Any CPU.Build.0 = Release|Any CPU
		{5CF573E2-365B-440A-A310-FA355C5AFA49}.Release|x64.ActiveCfg = Release|Any CPU
		{5CF573E2-365B-440A-A310-FA355C5AFA49}.Release|x64.Build.0 = Release|Any CPU
		{5CF573E2-365B-440A-A310-FA355C5AFA49}.Release|x86.ActiveCfg = Release|Any CPU
		{5CF573E2-365B-440A-A310-FA355C5AFA49}.Release|x86.Build.0 = Release|Any CPU
		{9CF16622-C5CC-4541-B7CA-02AF476B14DD}.Debug|Any CPU.ActiveCfg = Debug|Any CPU
		{9CF16622-C5CC-4541-B7CA-02AF476B14DD}.Debug|Any CPU.Build.0 = Debug|Any CPU
		{9CF16622-C5CC-4541-B7CA-02AF476B14DD}.Debug|x64.ActiveCfg = Debug|Any CPU
		{9CF16622-C5CC-4541-B7CA-02AF476B14DD}.Debug|x64.Build.0 = Debug|Any CPU
		{9CF16622-C5CC-4541-B7CA-02AF476B14DD}.Debug|x86.ActiveCfg = Debug|Any CPU
		{9CF16622-C5CC-4541-B7CA-02AF476B14DD}.Debug|x86.Build.0 = Debug|Any CPU
		{9CF16622-C5CC-4541-B7CA-02AF476B14DD}.Release|Any CPU.ActiveCfg = Release|Any CPU
		{9CF16622-C5CC-4541-B7CA-02AF476B14DD}.Release|Any CPU.Build.0 = Release|Any CPU
		{9CF16622-C5CC-4541-B7CA-02AF476B14DD}.Release|x64.ActiveCfg = Release|Any CPU
		{9CF16622-C5CC-4541-B7CA-02AF476B14DD}.Release|x64.Build.0 = Release|Any CPU
		{9CF16622-C5CC-4541-B7CA-02AF476B14DD}.Release|x86.ActiveCfg = Release|Any CPU
		{9CF16622-C5CC-4541-B7CA-02AF476B14DD}.Release|x86.Build.0 = Release|Any CPU
		{38C9B50E-7E7C-4FD0-9CE1-CEEBF322C596}.Debug|Any CPU.ActiveCfg = Debug|Any CPU
		{38C9B50E-7E7C-4FD0-9CE1-CEEBF322C596}.Debug|Any CPU.Build.0 = Debug|Any CPU
		{38C9B50E-7E7C-4FD0-9CE1-CEEBF322C596}.Debug|x64.ActiveCfg = Debug|Any CPU
		{38C9B50E-7E7C-4FD0-9CE1-CEEBF322C596}.Debug|x64.Build.0 = Debug|Any CPU
		{38C9B50E-7E7C-4FD0-9CE1-CEEBF322C596}.Debug|x86.ActiveCfg = Debug|Any CPU
		{38C9B50E-7E7C-4FD0-9CE1-CEEBF322C596}.Debug|x86.Build.0 = Debug|Any CPU
		{38C9B50E-7E7C-4FD0-9CE1-CEEBF322C596}.Release|Any CPU.ActiveCfg = Release|Any CPU
		{38C9B50E-7E7C-4FD0-9CE1-CEEBF322C596}.Release|Any CPU.Build.0 = Release|Any CPU
		{38C9B50E-7E7C-4FD0-9CE1-CEEBF322C596}.Release|x64.ActiveCfg = Release|Any CPU
		{38C9B50E-7E7C-4FD0-9CE1-CEEBF322C596}.Release|x64.Build.0 = Release|Any CPU
		{38C9B50E-7E7C-4FD0-9CE1-CEEBF322C596}.Release|x86.ActiveCfg = Release|Any CPU
		{38C9B50E-7E7C-4FD0-9CE1-CEEBF322C596}.Release|x86.Build.0 = Release|Any CPU
		{314DC131-DAAF-472D-966C-B70139233CFE}.Debug|Any CPU.ActiveCfg = Debug|Any CPU
		{314DC131-DAAF-472D-966C-B70139233CFE}.Debug|Any CPU.Build.0 = Debug|Any CPU
		{314DC131-DAAF-472D-966C-B70139233CFE}.Debug|x64.ActiveCfg = Debug|Any CPU
		{314DC131-DAAF-472D-966C-B70139233CFE}.Debug|x64.Build.0 = Debug|Any CPU
		{314DC131-DAAF-472D-966C-B70139233CFE}.Debug|x86.ActiveCfg = Debug|Any CPU
		{314DC131-DAAF-472D-966C-B70139233CFE}.Debug|x86.Build.0 = Debug|Any CPU
		{314DC131-DAAF-472D-966C-B70139233CFE}.Release|Any CPU.ActiveCfg = Release|Any CPU
		{314DC131-DAAF-472D-966C-B70139233CFE}.Release|Any CPU.Build.0 = Release|Any CPU
		{314DC131-DAAF-472D-966C-B70139233CFE}.Release|x64.ActiveCfg = Release|Any CPU
		{314DC131-DAAF-472D-966C-B70139233CFE}.Release|x64.Build.0 = Release|Any CPU
		{314DC131-DAAF-472D-966C-B70139233CFE}.Release|x86.ActiveCfg = Release|Any CPU
		{314DC131-DAAF-472D-966C-B70139233CFE}.Release|x86.Build.0 = Release|Any CPU
		{952AE692-7C2A-41B1-8DE1-0F005D94048B}.Debug|Any CPU.ActiveCfg = Debug|Any CPU
		{952AE692-7C2A-41B1-8DE1-0F005D94048B}.Debug|Any CPU.Build.0 = Debug|Any CPU
		{952AE692-7C2A-41B1-8DE1-0F005D94048B}.Debug|x64.ActiveCfg = Debug|Any CPU
		{952AE692-7C2A-41B1-8DE1-0F005D94048B}.Debug|x64.Build.0 = Debug|Any CPU
		{952AE692-7C2A-41B1-8DE1-0F005D94048B}.Debug|x86.ActiveCfg = Debug|Any CPU
		{952AE692-7C2A-41B1-8DE1-0F005D94048B}.Debug|x86.Build.0 = Debug|Any CPU
		{952AE692-7C2A-41B1-8DE1-0F005D94048B}.Release|Any CPU.ActiveCfg = Release|Any CPU
		{952AE692-7C2A-41B1-8DE1-0F005D94048B}.Release|Any CPU.Build.0 = Release|Any CPU
		{952AE692-7C2A-41B1-8DE1-0F005D94048B}.Release|x64.ActiveCfg = Release|Any CPU
		{952AE692-7C2A-41B1-8DE1-0F005D94048B}.Release|x64.Build.0 = Release|Any CPU
		{952AE692-7C2A-41B1-8DE1-0F005D94048B}.Release|x86.ActiveCfg = Release|Any CPU
		{952AE692-7C2A-41B1-8DE1-0F005D94048B}.Release|x86.Build.0 = Release|Any CPU
		{36FE852D-7BEA-4903-9ED1-42BFE2658F06}.Debug|Any CPU.ActiveCfg = Debug|Any CPU
		{36FE852D-7BEA-4903-9ED1-42BFE2658F06}.Debug|Any CPU.Build.0 = Debug|Any CPU
		{36FE852D-7BEA-4903-9ED1-42BFE2658F06}.Debug|x64.ActiveCfg = Debug|Any CPU
		{36FE852D-7BEA-4903-9ED1-42BFE2658F06}.Debug|x64.Build.0 = Debug|Any CPU
		{36FE852D-7BEA-4903-9ED1-42BFE2658F06}.Debug|x86.ActiveCfg = Debug|Any CPU
		{36FE852D-7BEA-4903-9ED1-42BFE2658F06}.Debug|x86.Build.0 = Debug|Any CPU
		{36FE852D-7BEA-4903-9ED1-42BFE2658F06}.Release|Any CPU.ActiveCfg = Release|Any CPU
		{36FE852D-7BEA-4903-9ED1-42BFE2658F06}.Release|Any CPU.Build.0 = Release|Any CPU
		{36FE852D-7BEA-4903-9ED1-42BFE2658F06}.Release|x64.ActiveCfg = Release|Any CPU
		{36FE852D-7BEA-4903-9ED1-42BFE2658F06}.Release|x64.Build.0 = Release|Any CPU
		{36FE852D-7BEA-4903-9ED1-42BFE2658F06}.Release|x86.ActiveCfg = Release|Any CPU
		{36FE852D-7BEA-4903-9ED1-42BFE2658F06}.Release|x86.Build.0 = Release|Any CPU
		{BF2F9FE9-0B9D-48DC-A944-B296640F4666}.Debug|Any CPU.ActiveCfg = Debug|Any CPU
		{BF2F9FE9-0B9D-48DC-A944-B296640F4666}.Debug|Any CPU.Build.0 = Debug|Any CPU
		{BF2F9FE9-0B9D-48DC-A944-B296640F4666}.Debug|x64.ActiveCfg = Debug|Any CPU
		{BF2F9FE9-0B9D-48DC-A944-B296640F4666}.Debug|x64.Build.0 = Debug|Any CPU
		{BF2F9FE9-0B9D-48DC-A944-B296640F4666}.Debug|x86.ActiveCfg = Debug|Any CPU
		{BF2F9FE9-0B9D-48DC-A944-B296640F4666}.Debug|x86.Build.0 = Debug|Any CPU
		{BF2F9FE9-0B9D-48DC-A944-B296640F4666}.Release|Any CPU.ActiveCfg = Release|Any CPU
		{BF2F9FE9-0B9D-48DC-A944-B296640F4666}.Release|Any CPU.Build.0 = Release|Any CPU
		{BF2F9FE9-0B9D-48DC-A944-B296640F4666}.Release|x64.ActiveCfg = Release|Any CPU
		{BF2F9FE9-0B9D-48DC-A944-B296640F4666}.Release|x64.Build.0 = Release|Any CPU
		{BF2F9FE9-0B9D-48DC-A944-B296640F4666}.Release|x86.ActiveCfg = Release|Any CPU
		{BF2F9FE9-0B9D-48DC-A944-B296640F4666}.Release|x86.Build.0 = Release|Any CPU
		{146D3E10-F067-429B-841D-3B98CCEA517E}.Debug|Any CPU.ActiveCfg = Debug|Any CPU
		{146D3E10-F067-429B-841D-3B98CCEA517E}.Debug|Any CPU.Build.0 = Debug|Any CPU
		{146D3E10-F067-429B-841D-3B98CCEA517E}.Debug|x64.ActiveCfg = Debug|Any CPU
		{146D3E10-F067-429B-841D-3B98CCEA517E}.Debug|x64.Build.0 = Debug|Any CPU
		{146D3E10-F067-429B-841D-3B98CCEA517E}.Debug|x86.ActiveCfg = Debug|Any CPU
		{146D3E10-F067-429B-841D-3B98CCEA517E}.Debug|x86.Build.0 = Debug|Any CPU
		{146D3E10-F067-429B-841D-3B98CCEA517E}.Release|Any CPU.ActiveCfg = Release|Any CPU
		{146D3E10-F067-429B-841D-3B98CCEA517E}.Release|Any CPU.Build.0 = Release|Any CPU
		{146D3E10-F067-429B-841D-3B98CCEA517E}.Release|x64.ActiveCfg = Release|Any CPU
		{146D3E10-F067-429B-841D-3B98CCEA517E}.Release|x64.Build.0 = Release|Any CPU
		{146D3E10-F067-429B-841D-3B98CCEA517E}.Release|x86.ActiveCfg = Release|Any CPU
		{146D3E10-F067-429B-841D-3B98CCEA517E}.Release|x86.Build.0 = Release|Any CPU
		{17621F76-D484-48B9-BD04-1216648B6959}.Debug|Any CPU.ActiveCfg = Debug|Any CPU
		{17621F76-D484-48B9-BD04-1216648B6959}.Debug|Any CPU.Build.0 = Debug|Any CPU
		{17621F76-D484-48B9-BD04-1216648B6959}.Debug|x64.ActiveCfg = Debug|Any CPU
		{17621F76-D484-48B9-BD04-1216648B6959}.Debug|x64.Build.0 = Debug|Any CPU
		{17621F76-D484-48B9-BD04-1216648B6959}.Debug|x86.ActiveCfg = Debug|Any CPU
		{17621F76-D484-48B9-BD04-1216648B6959}.Debug|x86.Build.0 = Debug|Any CPU
		{17621F76-D484-48B9-BD04-1216648B6959}.Release|Any CPU.ActiveCfg = Release|Any CPU
		{17621F76-D484-48B9-BD04-1216648B6959}.Release|Any CPU.Build.0 = Release|Any CPU
		{17621F76-D484-48B9-BD04-1216648B6959}.Release|x64.ActiveCfg = Release|Any CPU
		{17621F76-D484-48B9-BD04-1216648B6959}.Release|x64.Build.0 = Release|Any CPU
		{17621F76-D484-48B9-BD04-1216648B6959}.Release|x86.ActiveCfg = Release|Any CPU
		{17621F76-D484-48B9-BD04-1216648B6959}.Release|x86.Build.0 = Release|Any CPU
		{D78818E9-8676-4113-B106-ECB45741FBDB}.Debug|Any CPU.ActiveCfg = Debug|Any CPU
		{D78818E9-8676-4113-B106-ECB45741FBDB}.Debug|Any CPU.Build.0 = Debug|Any CPU
		{D78818E9-8676-4113-B106-ECB45741FBDB}.Debug|x64.ActiveCfg = Debug|Any CPU
		{D78818E9-8676-4113-B106-ECB45741FBDB}.Debug|x64.Build.0 = Debug|Any CPU
		{D78818E9-8676-4113-B106-ECB45741FBDB}.Debug|x86.ActiveCfg = Debug|Any CPU
		{D78818E9-8676-4113-B106-ECB45741FBDB}.Debug|x86.Build.0 = Debug|Any CPU
		{D78818E9-8676-4113-B106-ECB45741FBDB}.Release|Any CPU.ActiveCfg = Release|Any CPU
		{D78818E9-8676-4113-B106-ECB45741FBDB}.Release|Any CPU.Build.0 = Release|Any CPU
		{D78818E9-8676-4113-B106-ECB45741FBDB}.Release|x64.ActiveCfg = Release|Any CPU
		{D78818E9-8676-4113-B106-ECB45741FBDB}.Release|x64.Build.0 = Release|Any CPU
		{D78818E9-8676-4113-B106-ECB45741FBDB}.Release|x86.ActiveCfg = Release|Any CPU
		{D78818E9-8676-4113-B106-ECB45741FBDB}.Release|x86.Build.0 = Release|Any CPU
	EndGlobalSection
	GlobalSection(SolutionProperties) = preSolution
		HideSolutionNode = FALSE
	EndGlobalSection
	GlobalSection(NestedProjects) = preSolution
		{3427CB60-23E4-4F73-AC7C-7E61CC9ED880} = {BB700793-E4FF-41B6-B6C8-1768436C198E}
		{03AF4824-9E60-4114-BF2B-A1BE029DA3B1} = {BB700793-E4FF-41B6-B6C8-1768436C198E}
		{B29D20F6-F36C-4C29-81CF-FF3D05B4A3EF} = {BB700793-E4FF-41B6-B6C8-1768436C198E}
		{1FF69560-C051-4F35-B039-E1318737DCD8} = {BB700793-E4FF-41B6-B6C8-1768436C198E}
		{BB37E809-270F-4200-BC64-B9C47BE72297} = {BB700793-E4FF-41B6-B6C8-1768436C198E}
		{38C9B50E-7E7C-4FD0-9CE1-CEEBF322C596} = {BB700793-E4FF-41B6-B6C8-1768436C198E}
		{952AE692-7C2A-41B1-8DE1-0F005D94048B} = {BB700793-E4FF-41B6-B6C8-1768436C198E}
		{36FE852D-7BEA-4903-9ED1-42BFE2658F06} = {BB700793-E4FF-41B6-B6C8-1768436C198E}
		{BF2F9FE9-0B9D-48DC-A944-B296640F4666} = {BB700793-E4FF-41B6-B6C8-1768436C198E}
		{146D3E10-F067-429B-841D-3B98CCEA517E} = {BB700793-E4FF-41B6-B6C8-1768436C198E}
		{17621F76-D484-48B9-BD04-1216648B6959} = {BB700793-E4FF-41B6-B6C8-1768436C198E}
		{D78818E9-8676-4113-B106-ECB45741FBDB} = {BB700793-E4FF-41B6-B6C8-1768436C198E}
	EndGlobalSection
	GlobalSection(ExtensibilityGlobals) = postSolution
		SolutionGuid = {754FF63C-FCF1-4257-9435-0389ADB011E3}
	EndGlobalSection
EndGlobal
